{
  "name": "Node.js",
  "version": "1.0.0",
  "lockfileVersion": 1,
  "requires": true,
  "dependencies": {
    "@kecilust/ajs": {
      "version": "1.0.0",
      "resolved": "https://npm.pkg.github.com/download/@kecilust/ajs/1.0.0/2c3e59e48b3d188830c28c7482177bea87614b3bbdd77e9c6e7be892b2f68732",
      "integrity": "sha512-cK0xuDV4p3+hURL1r3xP0u+1s7ymQRocMeFxq9I4G8IQC6G6UY4CcoqMY+BRpGekP1VdfoAom9Wf9XY1fT7lwQ=="
    }
  }
}
